
Microsoft Visual Studio Solution File, Format Version 12.00
# Visual Studio 15
VisualStudioVersion = 15.0.28010.2003
MinimumVisualStudioVersion = 10.0.40219.1
Project("{FAE04EC0-301F-11D3-BF4B-00C04F79EFBC}") = "SecondRound", "SecondRound\SecondRound.csproj", "{DFF964D9-AD62-43E1-9FFA-08E6221E138F}"
EndProject
Global
	GlobalSection(SolutionConfigurationPlatforms) = preSolution
		Debug|ARM = Debug|ARM
		Debug|x64 = Debug|x64
		Debug|x86 = Debug|x86
		Release|ARM = Release|ARM
		Release|x64 = Release|x64
		Release|x86 = Release|x86
	EndGlobalSection
	GlobalSection(ProjectConfigurationPlatforms) = postSolution
		{DFF964D9-AD62-43E1-9FFA-08E6221E138F}.Debug|ARM.ActiveCfg = Debug|ARM
		{DFF964D9-AD62-43E1-9FFA-08E6221E138F}.Debug|ARM.Build.0 = Debug|ARM
		{DFF964D9-AD62-43E1-9FFA-08E6221E138F}.Debug|ARM.Deploy.0 = Debug|ARM
		{DFF964D9-AD62-43E1-9FFA-08E6221E138F}.Debug|x64.ActiveCfg = Debug|x64
		{DFF964D9-AD62-43E1-9FFA-08E6221E138F}.Debug|x64.Build.0 = Debug|x64
		{DFF964D9-AD62-43E1-9FFA-08E6221E138F}.Debug|x64.Deploy.0 = Debug|x64
		{DFF964D9-AD62-43E1-9FFA-08E6221E138F}.Debug|x86.ActiveCfg = Debug|x86
		{DFF964D9-AD62-43E1-9FFA-08E6221E138F}.Debug|x86.Build.0 = Debug|x86
		{DFF964D9-AD62-43E1-9FFA-08E6221E138F}.Debug|x86.Deploy.0 = Debug|x86
		{DFF964D9-AD62-43E1-9FFA-08E6221E138F}.Release|ARM.ActiveCfg = Release|ARM
		{DFF964D9-AD62-43E1-9FFA-08E6221E138F}.Release|ARM.Build.0 = Release|ARM
		{DFF964D9-AD62-43E1-9FFA-08E6221E138F}.Release|ARM.Deploy.0 = Release|ARM
		{DFF964D9-AD62-43E1-9FFA-08E6221E138F}.Release|x64.ActiveCfg = Release|x64
		{DFF964D9-AD62-43E1-9FFA-08E6221E138F}.Release|x64.Build.0 = Release|x64
		{DFF964D9-AD62-43E1-9FFA-08E6221E138F}.Release|x64.Deploy.0 = Release|x64
		{DFF964D9-AD62-43E1-9FFA-08E6221E138F}.Release|x86.ActiveCfg = Release|x86
		{DFF964D9-AD62-43E1-9FFA-08E6221E138F}.Release|x86.Build.0 = Release|x86
		{DFF964D9-AD62-43E1-9FFA-08E6221E138F}.Release|x86.Deploy.0 = Release|x86
	EndGlobalSection
	GlobalSection(SolutionProperties) = preSolution
		HideSolutionNode = FALSE
	EndGlobalSection
	GlobalSection(ExtensibilityGlobals) = postSolution
		SolutionGuid = {1320A97E-24DC-40C9-BD8C-A3CE2A9F2435}
	EndGlobalSection
EndGlobal
